
Microsoft Visual Studio Solution File, Format Version 12.00
# Visual Studio Version 16
VisualStudioVersion = 16.0.29306.81
MinimumVisualStudioVersion = 10.0.40219.1
Project("{FAE04EC0-301F-11D3-BF4B-00C04F79EFBC}") = "IdentityServer", "IdentityServer\IdentityServer.csproj", "{8BC62A6E-9A68-4F94-B4C6-69E3E24DCF60}"
EndProject
Project("{FAE04EC0-301F-11D3-BF4B-00C04F79EFBC}") = "WebApp", "WebApp\WebApp.csproj", "{536145B8-A2AA-4D5F-BE5B-22C3107391BA}"
EndProject
Global
	GlobalSection(SolutionConfigurationPlatforms) = preSolution
		Debug|Any CPU = Debug|Any CPU
		Release|Any CPU = Release|Any CPU
	EndGlobalSection
	GlobalSection(ProjectConfigurationPlatforms) = postSolution
		{8BC62A6E-9A68-4F94-B4C6-69E3E24DCF60}.Debug|Any CPU.ActiveCfg = Debug|Any CPU
		{8BC62A6E-9A68-4F94-B4C6-69E3E24DCF60}.Debug|Any CPU.Build.0 = Debug|Any CPU
		{8BC62A6E-9A68-4F94-B4C6-69E3E24DCF60}.Release|Any CPU.ActiveCfg = Release|Any CPU
		{8BC62A6E-9A68-4F94-B4C6-69E3E24DCF60}.Release|Any CPU.Build.0 = Release|Any CPU
		{536145B8-A2AA-4D5F-BE5B-22C3107391BA}.Debug|Any CPU.ActiveCfg = Debug|Any CPU
		{536145B8-A2AA-4D5F-BE5B-22C3107391BA}.Debug|Any CPU.Build.0 = Debug|Any CPU
		{536145B8-A2AA-4D5F-BE5B-22C3107391BA}.Release|Any CPU.ActiveCfg = Release|Any CPU
		{536145B8-A2AA-4D5F-BE5B-22C3107391BA}.Release|Any CPU.Build.0 = Release|Any CPU
	EndGlobalSection
	GlobalSection(SolutionProperties) = preSolution
		HideSolutionNode = FALSE
	EndGlobalSection
	GlobalSection(ExtensibilityGlobals) = postSolution
		SolutionGuid = {C8DD2DCF-C2DB-4F06-AAD3-1D009384237F}
	EndGlobalSection
EndGlobal
